
Microsoft Visual Studio Solution File, Format Version 12.00
# Visual Studio Version 17
VisualStudioVersion = 17.1.32203.90
MinimumVisualStudioVersion = 10.0.40219.1
Project("{FAE04EC0-301F-11D3-BF4B-00C04F79EFBC}") = "attempt1", "attempt1\attempt1.csproj", "{58CFE8C2-019F-49C4-A582-7250A0CF9A95}"
EndProject
Global
	GlobalSection(SolutionConfigurationPlatforms) = preSolution
		Debug|Any CPU = Debug|Any CPU
		Release|Any CPU = Release|Any CPU
	EndGlobalSection
	GlobalSection(ProjectConfigurationPlatforms) = postSolution
		{58CFE8C2-019F-49C4-A582-7250A0CF9A95}.Debug|Any CPU.ActiveCfg = Debug|Any CPU
		{58CFE8C2-019F-49C4-A582-7250A0CF9A95}.Debug|Any CPU.Build.0 = Debug|Any CPU
		{58CFE8C2-019F-49C4-A582-7250A0CF9A95}.Release|Any CPU.ActiveCfg = Release|Any CPU
		{58CFE8C2-019F-49C4-A582-7250A0CF9A95}.Release|Any CPU.Build.0 = Release|Any CPU
	EndGlobalSection
	GlobalSection(SolutionProperties) = preSolution
		HideSolutionNode = FALSE
	EndGlobalSection
	GlobalSection(ExtensibilityGlobals) = postSolution
		SolutionGuid = {CFC93530-FB74-4C4E-824D-F0E85CE58AA2}
	EndGlobalSection
EndGlobal
